PODS:
  - Alamofire (4.6.0)
  - Kingfisher (4.6.2)
  - PINCache (2.3)
  - XLPagerTabStrip (8.0.0)

DEPENDENCIES:
  - Alamofire (~> 4.6)
  - Kingfisher (~> 4.0)
  - PINCache
  - XLPagerTabStrip (~> 8.0)

SPEC CHECKSUMS:
  Alamofire: f41a599bd63041760b26d393ec1069d9d7b917f4
  Kingfisher: 55b9c395bf8d3949676ad3861111923990ab68cf
  PINCache: ce36ed282031b92fc7733ffe831f474ff80fddc2
  XLPagerTabStrip: d1ab378af0923320ec0b5eab11d7b2f803d31261

PODFILE CHECKSUM: b9f0d011228d81fba7867ea3ffcbc34685d9fe47

COCOAPODS: 1.4.0
