// !$*UTF8*$!
{
	archiveVersion = 1;
	classes = {
	};
	objectVersion = 48;
	objects = {

/* Begin PBXBuildFile section */
		2120A54E2042A8E600DDA6B8 /* PersonalUserCell.swift in Sources */ = {isa = PBXBuildFile; fileRef = 2120A54D2042A8E600DDA6B8 /* PersonalUserCell.swift */; };
		2120A5502042B27800DDA6B8 /* PersonalBudgetCell.swift in Sources */ = {isa = PBXBuildFile; fileRef = 2120A54F2042B27800DDA6B8 /* PersonalBudgetCell.swift */; };
		2120A5522042EC6300DDA6B8 /* BrowsePagerTabStripViewController.swift in Sources */ = {isa = PBXBuildFile; fileRef = 2120A5512042EC6300DDA6B8 /* BrowsePagerTabStripViewController.swift */; };
		214D1A762043AF1B00A523AD /* ProductDetailViewController.swift in Sources */ = {isa = PBXBuildFile; fileRef = 214D1A752043AF1B00A523AD /* ProductDetailViewController.swift */; };
		214D1A782043AF7100A523AD /* ProductDetailImageCell.xib in Resources */ = {isa = PBXBuildFile; fileRef = 214D1A772043AF7100A523AD /* ProductDetailImageCell.xib */; };
		214D1A7A2043B0B900A523AD /* ProductDetailImageCell.swift in Sources */ = {isa = PBXBuildFile; fileRef = 214D1A792043B0B900A523AD /* ProductDetailImageCell.swift */; };
		214D1A7C2043B24000A523AD /* ProductDetailBasicCell.xib in Resources */ = {isa = PBXBuildFile; fileRef = 214D1A7B2043B24000A523AD /* ProductDetailBasicCell.xib */; };
		214D1A7E2043B3A700A523AD /* ProductDetailSampleCell.xib in Resources */ = {isa = PBXBuildFile; fileRef = 214D1A7D2043B3A700A523AD /* ProductDetailSampleCell.xib */; };
		214D1A802043B4DD00A523AD /* ProductDetailSampleCell.swift in Sources */ = {isa = PBXBuildFile; fileRef = 214D1A7F2043B4DD00A523AD /* ProductDetailSampleCell.swift */; };
		214D1A822043B85A00A523AD /* ProductSampleCell.xib in Resources */ = {isa = PBXBuildFile; fileRef = 214D1A812043B85A00A523AD /* ProductSampleCell.xib */; };
		214D1A842043B8C200A523AD /* ProductSampleCell.swift in Sources */ = {isa = PBXBuildFile; fileRef = 214D1A832043B8C200A523AD /* ProductSampleCell.swift */; };
		214D1A862043B95C00A523AD /* ProductDetailBasicCell.swift in Sources */ = {isa = PBXBuildFile; fileRef = 214D1A852043B95C00A523AD /* ProductDetailBasicCell.swift */; };
		214D1A8A2044397D00A523AD /* WebViewController.swift in Sources */ = {isa = PBXBuildFile; fileRef = 214D1A892044397D00A523AD /* WebViewController.swift */; };
		214D1A8E2044504F00A523AD /* Color.swift in Sources */ = {isa = PBXBuildFile; fileRef = 214D1A8D2044504F00A523AD /* Color.swift */; };
		214D1A912044584D00A523AD /* ProductModel.swift in Sources */ = {isa = PBXBuildFile; fileRef = 214D1A902044584D00A523AD /* ProductModel.swift */; };
		214D1A932044597000A523AD /* NewsModel.swift in Sources */ = {isa = PBXBuildFile; fileRef = 214D1A922044597000A523AD /* NewsModel.swift */; };
		214D1A9620445D0800A523AD /* NewsCell.swift in Sources */ = {isa = PBXBuildFile; fileRef = 214D1A9420445D0800A523AD /* NewsCell.swift */; };
		214D1A9720445D0800A523AD /* NewsCell.xib in Resources */ = {isa = PBXBuildFile; fileRef = 214D1A9520445D0800A523AD /* NewsCell.xib */; };
		214D1A992045140000A523AD /* Context.swift in Sources */ = {isa = PBXBuildFile; fileRef = 214D1A982045140000A523AD /* Context.swift */; };
		214D1AA12045384C00A523AD /* NavigationController.swift in Sources */ = {isa = PBXBuildFile; fileRef = 214D1AA02045384C00A523AD /* NavigationController.swift */; };
		215B0833203FFF3000802011 /* AppDelegate.swift in Sources */ = {isa = PBXBuildFile; fileRef = 215B0832203FFF3000802011 /* AppDelegate.swift */; };
		215B083A203FFF3000802011 /* Assets.xcassets in Resources */ = {isa = PBXBuildFile; fileRef = 215B0839203FFF3000802011 /* Assets.xcassets */; };
		215B083D203FFF3000802011 /* LaunchScreen.storyboard in Resources */ = {isa = PBXBuildFile; fileRef = 215B083B203FFF3000802011 /* LaunchScreen.storyboard */; };
		2166ACAD2042A1A3002D1C36 /* PersonalViewController.swift in Sources */ = {isa = PBXBuildFile; fileRef = 2166ACAC2042A1A3002D1C36 /* PersonalViewController.swift */; };
		21AABCD7204551080013BA40 /* PersonalUserCell.xib in Resources */ = {isa = PBXBuildFile; fileRef = 21AABCD6204551080013BA40 /* PersonalUserCell.xib */; };
		21AABCD9204551250013BA40 /* Cell.xib in Resources */ = {isa = PBXBuildFile; fileRef = 21AABCD8204551250013BA40 /* Cell.xib */; };
		21AABCDB204551490013BA40 /* PersonalBudgetCell.xib in Resources */ = {isa = PBXBuildFile; fileRef = 21AABCDA204551490013BA40 /* PersonalBudgetCell.xib */; };
		21AABCE12045BBC10013BA40 /* SettingsViewController.swift in Sources */ = {isa = PBXBuildFile; fileRef = 21AABCE02045BBC10013BA40 /* SettingsViewController.swift */; };
		21AABCE420464CF70013BA40 /* UserModel.swift in Sources */ = {isa = PBXBuildFile; fileRef = 21AABCE320464CF70013BA40 /* UserModel.swift */; };
		21E5F55420430847009D7A71 /* ProductCell.swift in Sources */ = {isa = PBXBuildFile; fileRef = 21E5F55320430847009D7A71 /* ProductCell.swift */; };
		21E5F55620430860009D7A71 /* NewsImageCell.swift in Sources */ = {isa = PBXBuildFile; fileRef = 21E5F55520430860009D7A71 /* NewsImageCell.swift */; };
		21E5F55D20431BE7009D7A71 /* ProductCell.xib in Resources */ = {isa = PBXBuildFile; fileRef = 21E5F55C20431BE7009D7A71 /* ProductCell.xib */; };
		21E5F55F204320EB009D7A71 /* NewsImageCell.xib in Resources */ = {isa = PBXBuildFile; fileRef = 21E5F55E204320EB009D7A71 /* NewsImageCell.xib */; };
		21F1AD812042F45700825242 /* BrowseViewController.swift in Sources */ = {isa = PBXBuildFile; fileRef = 21F1AD802042F45700825242 /* BrowseViewController.swift */; };
		21FA207D20467C550079AA97 /* Cell.swift in Sources */ = {isa = PBXBuildFile; fileRef = 21FA207C20467C550079AA97 /* Cell.swift */; };
		BB39128EB2D50871D9AC8058 /* Pods_Lens.framework in Frameworks */ = {isa = PBXBuildFile; fileRef = 8A8BAC57CEB1F7D86CC66E6A /* Pods_Lens.framework */; };
/* End PBXBuildFile section */

/* Begin PBXFileReference section */
		2120A54D2042A8E600DDA6B8 /* PersonalUserCell.swift */ = {isa = PBXFileReference; lastKnownFileType = sourcecode.swift; path = PersonalUserCell.swift; sourceTree = "<group>"; };
		2120A54F2042B27800DDA6B8 /* PersonalBudgetCell.swift */ = {isa = PBXFileReference; lastKnownFileType = sourcecode.swift; path = PersonalBudgetCell.swift; sourceTree = "<group>"; };
		2120A5512042EC6300DDA6B8 /* BrowsePagerTabStripViewController.swift */ = {isa = PBXFileReference; lastKnownFileType = sourcecode.swift; path = BrowsePagerTabStripViewController.swift; sourceTree = "<group>"; };
		214D1A752043AF1B00A523AD /* ProductDetailViewController.swift */ = {isa = PBXFileReference; lastKnownFileType = sourcecode.swift; path = ProductDetailViewController.swift; sourceTree = "<group>"; };
		214D1A772043AF7100A523AD /* ProductDetailImageCell.xib */ = {isa = PBXFileReference; lastKnownFileType = file.xib; path = ProductDetailImageCell.xib; sourceTree = "<group>"; };
		214D1A792043B0B900A523AD /* ProductDetailImageCell.swift */ = {isa = PBXFileReference; lastKnownFileType = sourcecode.swift; path = ProductDetailImageCell.swift; sourceTree = "<group>"; };
		214D1A7B2043B24000A523AD /* ProductDetailBasicCell.xib */ = {isa = PBXFileReference; lastKnownFileType = file.xib; path = ProductDetailBasicCell.xib; sourceTree = "<group>"; };
		214D1A7D2043B3A700A523AD /* ProductDetailSampleCell.xib */ = {isa = PBXFileReference; lastKnownFileType = file.xib; path = ProductDetailSampleCell.xib; sourceTree = "<group>"; };
		214D1A7F2043B4DD00A523AD /* ProductDetailSampleCell.swift */ = {isa = PBXFileReference; lastKnownFileType = sourcecode.swift; path = ProductDetailSampleCell.swift; sourceTree = "<group>"; };
		214D1A812043B85A00A523AD /* ProductSampleCell.xib */ = {isa = PBXFileReference; lastKnownFileType = file.xib; path = ProductSampleCell.xib; sourceTree = "<group>"; };
		214D1A832043B8C200A523AD /* ProductSampleCell.swift */ = {isa = PBXFileReference; lastKnownFileType = sourcecode.swift; path = ProductSampleCell.swift; sourceTree = "<group>"; };
		214D1A852043B95C00A523AD /* ProductDetailBasicCell.swift */ = {isa = PBXFileReference; lastKnownFileType = sourcecode.swift; path = ProductDetailBasicCell.swift; sourceTree = "<group>"; };
		214D1A892044397D00A523AD /* WebViewController.swift */ = {isa = PBXFileReference; lastKnownFileType = sourcecode.swift; path = WebViewController.swift; sourceTree = "<group>"; };
		214D1A8D2044504F00A523AD /* Color.swift */ = {isa = PBXFileReference; lastKnownFileType = sourcecode.swift; path = Color.swift; sourceTree = "<group>"; };
		214D1A902044584D00A523AD /* ProductModel.swift */ = {isa = PBXFileReference; lastKnownFileType = sourcecode.swift; path = ProductModel.swift; sourceTree = "<group>"; };
		214D1A922044597000A523AD /* NewsModel.swift */ = {isa = PBXFileReference; lastKnownFileType = sourcecode.swift; path = NewsModel.swift; sourceTree = "<group>"; };
		214D1A9420445D0800A523AD /* NewsCell.swift */ = {isa = PBXFileReference; lastKnownFileType = sourcecode.swift; path = NewsCell.swift; sourceTree = "<group>"; };
		214D1A9520445D0800A523AD /* NewsCell.xib */ = {isa = PBXFileReference; lastKnownFileType = file.xib; path = NewsCell.xib; sourceTree = "<group>"; };
		214D1A982045140000A523AD /* Context.swift */ = {isa = PBXFileReference; lastKnownFileType = sourcecode.swift; path = Context.swift; sourceTree = "<group>"; };
		214D1AA02045384C00A523AD /* NavigationController.swift */ = {isa = PBXFileReference; lastKnownFileType = sourcecode.swift; path = NavigationController.swift; sourceTree = "<group>"; };
		215B082F203FFF3000802011 /* Lens.app */ = {isa = PBXFileReference; explicitFileType = wrapper.application; includeInIndex = 0; path = Lens.app; sourceTree = BUILT_PRODUCTS_DIR; };
		215B0832203FFF3000802011 /* AppDelegate.swift */ = {isa = PBXFileReference; lastKnownFileType = sourcecode.swift; path = AppDelegate.swift; sourceTree = "<group>"; };
		215B0839203FFF3000802011 /* Assets.xcassets */ = {isa = PBXFileReference; lastKnownFileType = folder.assetcatalog; path = Assets.xcassets; sourceTree = "<group>"; };
		215B083C203FFF3000802011 /* Base */ = {isa = PBXFileReference; lastKnownFileType = file.storyboard; name = Base; path = Base.lproj/LaunchScreen.storyboard; sourceTree = "<group>"; };
		215B083E203FFF3000802011 /* Info.plist */ = {isa = PBXFileReference; lastKnownFileType = text.plist.xml; path = Info.plist; sourceTree = "<group>"; };
		2166ACAC2042A1A3002D1C36 /* PersonalViewController.swift */ = {isa = PBXFileReference; lastKnownFileType = sourcecode.swift; path = PersonalViewController.swift; sourceTree = "<group>"; };
		21AABCD6204551080013BA40 /* PersonalUserCell.xib */ = {isa = PBXFileReference; lastKnownFileType = file.xib; path = PersonalUserCell.xib; sourceTree = "<group>"; };
		21AABCD8204551250013BA40 /* Cell.xib */ = {isa = PBXFileReference; lastKnownFileType = file.xib; path = Cell.xib; sourceTree = "<group>"; };
		21AABCDA204551490013BA40 /* PersonalBudgetCell.xib */ = {isa = PBXFileReference; lastKnownFileType = file.xib; path = PersonalBudgetCell.xib; sourceTree = "<group>"; };
		21AABCE02045BBC10013BA40 /* SettingsViewController.swift */ = {isa = PBXFileReference; lastKnownFileType = sourcecode.swift; path = SettingsViewController.swift; sourceTree = "<group>"; };
		21AABCE320464CF70013BA40 /* UserModel.swift */ = {isa = PBXFileReference; lastKnownFileType = sourcecode.swift; path = UserModel.swift; sourceTree = "<group>"; };
		21E5F55320430847009D7A71 /* ProductCell.swift */ = {isa = PBXFileReference; lastKnownFileType = sourcecode.swift; path = ProductCell.swift; sourceTree = "<group>"; };
		21E5F55520430860009D7A71 /* NewsImageCell.swift */ = {isa = PBXFileReference; lastKnownFileType = sourcecode.swift; path = NewsImageCell.swift; sourceTree = "<group>"; };
		21E5F55C20431BE7009D7A71 /* ProductCell.xib */ = {isa = PBXFileReference; lastKnownFileType = file.xib; path = ProductCell.xib; sourceTree = "<group>"; };
		21E5F55E204320EB009D7A71 /* NewsImageCell.xib */ = {isa = PBXFileReference; lastKnownFileType = file.xib; path = NewsImageCell.xib; sourceTree = "<group>"; };
		21F1AD802042F45700825242 /* BrowseViewController.swift */ = {isa = PBXFileReference; lastKnownFileType = sourcecode.swift; path = BrowseViewController.swift; sourceTree = "<group>"; };
		21FA207C20467C550079AA97 /* Cell.swift */ = {isa = PBXFileReference; lastKnownFileType = sourcecode.swift; path = Cell.swift; sourceTree = "<group>"; };
		4C59144F0A95C64492F28879 /* Pods-Lens.release.xcconfig */ = {isa = PBXFileReference; includeInIndex = 1; lastKnownFileType = text.xcconfig; name = "Pods-Lens.release.xcconfig"; path = "Pods/Target Support Files/Pods-Lens/Pods-Lens.release.xcconfig"; sourceTree = "<group>"; };
		8A8BAC57CEB1F7D86CC66E6A /* Pods_Lens.framework */ = {isa = PBXFileReference; explicitFileType = wrapper.framework; includeInIndex = 0; path = Pods_Lens.framework; sourceTree = BUILT_PRODUCTS_DIR; };
		D950ABC2CB84B87C24E6F271 /* Pods-Lens.debug.xcconfig */ = {isa = PBXFileReference; includeInIndex = 1; lastKnownFileType = text.xcconfig; name = "Pods-Lens.debug.xcconfig"; path = "Pods/Target Support Files/Pods-Lens/Pods-Lens.debug.xcconfig"; sourceTree = "<group>"; };
/* End PBXFileReference section */

/* Begin PBXFrameworksBuildPhase section */
		215B082C203FFF3000802011 /* Frameworks */ = {
			isa = PBXFrameworksBuildPhase;
			buildActionMask = 2147483647;
			files = (
				BB39128EB2D50871D9AC8058 /* Pods_Lens.framework in Frameworks */,
			);
			runOnlyForDeploymentPostprocessing = 0;
		};
/* End PBXFrameworksBuildPhase section */

/* Begin PBXGroup section */
		214D1A6E2043A54300A523AD /* Cell */ = {
			isa = PBXGroup;
			children = (
				21FA207C20467C550079AA97 /* Cell.swift */,
				21E5F55320430847009D7A71 /* ProductCell.swift */,
				214D1A792043B0B900A523AD /* ProductDetailImageCell.swift */,
				214D1A852043B95C00A523AD /* ProductDetailBasicCell.swift */,
				214D1A7F2043B4DD00A523AD /* ProductDetailSampleCell.swift */,
				214D1A832043B8C200A523AD /* ProductSampleCell.swift */,
				214D1A9420445D0800A523AD /* NewsCell.swift */,
				21E5F55520430860009D7A71 /* NewsImageCell.swift */,
				2120A54D2042A8E600DDA6B8 /* PersonalUserCell.swift */,
				2120A54F2042B27800DDA6B8 /* PersonalBudgetCell.swift */,
			);
			path = Cell;
			sourceTree = "<group>";
		};
		214D1A6F2043A57B00A523AD /* Controller */ = {
			isa = PBXGroup;
			children = (
				214D1AA02045384C00A523AD /* NavigationController.swift */,
				214D1A892044397D00A523AD /* WebViewController.swift */,
				2120A5512042EC6300DDA6B8 /* BrowsePagerTabStripViewController.swift */,
				21F1AD802042F45700825242 /* BrowseViewController.swift */,
				214D1A752043AF1B00A523AD /* ProductDetailViewController.swift */,
				2166ACAC2042A1A3002D1C36 /* PersonalViewController.swift */,
				21AABCE02045BBC10013BA40 /* SettingsViewController.swift */,
			);
			path = Controller;
			sourceTree = "<group>";
		};
		214D1A702043A5AE00A523AD /* View */ = {
			isa = PBXGroup;
			children = (
				214D1A6E2043A54300A523AD /* Cell */,
				215B083B203FFF3000802011 /* LaunchScreen.storyboard */,
				21AABCD8204551250013BA40 /* Cell.xib */,
				21E5F55C20431BE7009D7A71 /* ProductCell.xib */,
				214D1A772043AF7100A523AD /* ProductDetailImageCell.xib */,
				214D1A7B2043B24000A523AD /* ProductDetailBasicCell.xib */,
				214D1A7D2043B3A700A523AD /* ProductDetailSampleCell.xib */,
				214D1A812043B85A00A523AD /* ProductSampleCell.xib */,
				214D1A9520445D0800A523AD /* NewsCell.xib */,
				21E5F55E204320EB009D7A71 /* NewsImageCell.xib */,
				21AABCD6204551080013BA40 /* PersonalUserCell.xib */,
				21AABCDA204551490013BA40 /* PersonalBudgetCell.xib */,
			);
			path = View;
			sourceTree = "<group>";
		};
		214D1A8F204457F100A523AD /* Model */ = {
			isa = PBXGroup;
			children = (
				214D1A902044584D00A523AD /* ProductModel.swift */,
				214D1A922044597000A523AD /* NewsModel.swift */,
				21AABCE320464CF70013BA40 /* UserModel.swift */,
			);
			path = Model;
			sourceTree = "<group>";
		};
		215B0826203FFF3000802011 = {
			isa = PBXGroup;
			children = (
				215B0831203FFF3000802011 /* Lens */,
				215B0830203FFF3000802011 /* Products */,
				93BCAD10BA1493645A107934 /* Pods */,
				D70938D01D5D60FBDAFD8D10 /* Frameworks */,
			);
			sourceTree = "<group>";
		};
		215B0830203FFF3000802011 /* Products */ = {
			isa = PBXGroup;
			children = (
				215B082F203FFF3000802011 /* Lens.app */,
			);
			name = Products;
			sourceTree = "<group>";
		};
		215B0831203FFF3000802011 /* Lens */ = {
			isa = PBXGroup;
			children = (
				215B0832203FFF3000802011 /* AppDelegate.swift */,
				214D1A8D2044504F00A523AD /* Color.swift */,
				214D1A982045140000A523AD /* Context.swift */,
				215B083E203FFF3000802011 /* Info.plist */,
				215B0839203FFF3000802011 /* Assets.xcassets */,
				214D1A8F204457F100A523AD /* Model */,
				214D1A702043A5AE00A523AD /* View */,
				214D1A6F2043A57B00A523AD /* Controller */,
			);
			path = Lens;
			sourceTree = "<group>";
		};
		93BCAD10BA1493645A107934 /* Pods */ = {
			isa = PBXGroup;
			children = (
				D950ABC2CB84B87C24E6F271 /* Pods-Lens.debug.xcconfig */,
				4C59144F0A95C64492F28879 /* Pods-Lens.release.xcconfig */,
			);
			name = Pods;
			sourceTree = "<group>";
		};
		D70938D01D5D60FBDAFD8D10 /* Frameworks */ = {
			isa = PBXGroup;
			children = (
				8A8BAC57CEB1F7D86CC66E6A /* Pods_Lens.framework */,
			);
			name = Frameworks;
			sourceTree = "<group>";
		};
/* End PBXGroup section */

/* Begin PBXNativeTarget section */
		215B082E203FFF3000802011 /* Lens */ = {
			isa = PBXNativeTarget;
			buildConfigurationList = 215B0841203FFF3000802011 /* Build configuration list for PBXNativeTarget "Lens" */;
			buildPhases = (
				0AE103A90305C42F3DB81CAC /* [CP] Check Pods Manifest.lock */,
				215B082B203FFF3000802011 /* Sources */,
				215B082C203FFF3000802011 /* Frameworks */,
				215B082D203FFF3000802011 /* Resources */,
				8F388892BA6FBAAECD954F1B /* [CP] Embed Pods Frameworks */,
				E6730EDF8ACC38C0DFB7F3EB /* [CP] Copy Pods Resources */,
			);
			buildRules = (
			);
			dependencies = (
			);
			name = Lens;
			productName = Lens;
			productReference = 215B082F203FFF3000802011 /* Lens.app */;
			productType = "com.apple.product-type.application";
		};
/* End PBXNativeTarget section */

/* Begin PBXProject section */
		215B0827203FFF3000802011 /* Project object */ = {
			isa = PBXProject;
			attributes = {
				LastSwiftUpdateCheck = 0920;
				LastUpgradeCheck = 0920;
				ORGANIZATIONNAME = "Archie Yu";
				TargetAttributes = {
					215B082E203FFF3000802011 = {
						CreatedOnToolsVersion = 9.2;
						ProvisioningStyle = Automatic;
					};
				};
			};
			buildConfigurationList = 215B082A203FFF3000802011 /* Build configuration list for PBXProject "Lens" */;
			compatibilityVersion = "Xcode 8.0";
			developmentRegion = en;
			hasScannedForEncodings = 0;
			knownRegions = (
				en,
				Base,
			);
			mainGroup = 215B0826203FFF3000802011;
			productRefGroup = 215B0830203FFF3000802011 /* Products */;
			projectDirPath = "";
			projectRoot = "";
			targets = (
				215B082E203FFF3000802011 /* Lens */,
			);
		};
/* End PBXProject section */

/* Begin PBXResourcesBuildPhase section */
		215B082D203FFF3000802011 /* Resources */ = {
			isa = PBXResourcesBuildPhase;
			buildActionMask = 2147483647;
			files = (
				214D1A7C2043B24000A523AD /* ProductDetailBasicCell.xib in Resources */,
				21AABCD9204551250013BA40 /* Cell.xib in Resources */,
				21AABCD7204551080013BA40 /* PersonalUserCell.xib in Resources */,
				215B083D203FFF3000802011 /* LaunchScreen.storyboard in Resources */,
				214D1A9720445D0800A523AD /* NewsCell.xib in Resources */,
				214D1A822043B85A00A523AD /* ProductSampleCell.xib in Resources */,
				214D1A7E2043B3A700A523AD /* ProductDetailSampleCell.xib in Resources */,
				21E5F55F204320EB009D7A71 /* NewsImageCell.xib in Resources */,
				21AABCDB204551490013BA40 /* PersonalBudgetCell.xib in Resources */,
				215B083A203FFF3000802011 /* Assets.xcassets in Resources */,
				21E5F55D20431BE7009D7A71 /* ProductCell.xib in Resources */,
				214D1A782043AF7100A523AD /* ProductDetailImageCell.xib in Resources */,
			);
			runOnlyForDeploymentPostprocessing = 0;
		};
/* End PBXResourcesBuildPhase section */

/* Begin PBXShellScriptBuildPhase section */
		0AE103A90305C42F3DB81CAC /* [CP] Check Pods Manifest.lock */ = {
			isa = PBXShellScriptBuildPhase;
			buildActionMask = 2147483647;
			files = (
			);
			inputPaths = (
				"${PODS_PODFILE_DIR_PATH}/Podfile.lock",
				"${PODS_ROOT}/Manifest.lock",
			);
			name = "[CP] Check Pods Manifest.lock";
			outputPaths = (
				"$(DERIVED_FILE_DIR)/Pods-Lens-checkManifestLockResult.txt",
			);
			runOnlyForDeploymentPostprocessing = 0;
			shellPath = /bin/sh;
			shellScript = "diff \"${PODS_PODFILE_DIR_PATH}/Podfile.lock\" \"${PODS_ROOT}/Manifest.lock\" > /dev/null\nif [ $? != 0 ] ; then\n    # print error to STDERR\n    echo \"error: The sandbox is not in sync with the Podfile.lock. Run 'pod install' or update your CocoaPods installation.\" >&2\n    exit 1\nfi\n# This output is used by Xcode 'outputs' to avoid re-running this script phase.\necho \"SUCCESS\" > \"${SCRIPT_OUTPUT_FILE_0}\"\n";
			showEnvVarsInLog = 0;
		};
		8F388892BA6FBAAECD954F1B /* [CP] Embed Pods Frameworks */ = {
			isa = PBXShellScriptBuildPhase;
			buildActionMask = 2147483647;
			files = (
			);
			inputPaths = (
				"${SRCROOT}/Pods/Target Support Files/Pods-Lens/Pods-Lens-frameworks.sh",
				"${BUILT_PRODUCTS_DIR}/Alamofire/Alamofire.framework",
				"${BUILT_PRODUCTS_DIR}/Kingfisher/Kingfisher.framework",
				"${BUILT_PRODUCTS_DIR}/XLPagerTabStrip/XLPagerTabStrip.framework",
			);
			name = "[CP] Embed Pods Frameworks";
			outputPaths = (
				"${TARGET_BUILD_DIR}/${FRAMEWORKS_FOLDER_PATH}/Alamofire.framework",
				"${TARGET_BUILD_DIR}/${FRAMEWORKS_FOLDER_PATH}/Kingfisher.framework",
				"${TARGET_BUILD_DIR}/${FRAMEWORKS_FOLDER_PATH}/XLPagerTabStrip.framework",
			);
			runOnlyForDeploymentPostprocessing = 0;
			shellPath = /bin/sh;
			shellScript = "\"${SRCROOT}/Pods/Target Support Files/Pods-Lens/Pods-Lens-frameworks.sh\"\n";
			showEnvVarsInLog = 0;
		};
		E6730EDF8ACC38C0DFB7F3EB /* [CP] Copy Pods Resources */ = {
			isa = PBXShellScriptBuildPhase;
			buildActionMask = 2147483647;
			files = (
			);
			inputPaths = (
			);
			name = "[CP] Copy Pods Resources";
			outputPaths = (
			);
			runOnlyForDeploymentPostprocessing = 0;
			shellPath = /bin/sh;
			shellScript = "\"${SRCROOT}/Pods/Target Support Files/Pods-Lens/Pods-Lens-resources.sh\"\n";
			showEnvVarsInLog = 0;
		};
/* End PBXShellScriptBuildPhase section */

/* Begin PBXSourcesBuildPhase section */
		215B082B203FFF3000802011 /* Sources */ = {
			isa = PBXSourcesBuildPhase;
			buildActionMask = 2147483647;
			files = (
				215B0833203FFF3000802011 /* AppDelegate.swift in Sources */,
				21FA207D20467C550079AA97 /* Cell.swift in Sources */,
				214D1A762043AF1B00A523AD /* ProductDetailViewController.swift in Sources */,
				2120A5502042B27800DDA6B8 /* PersonalBudgetCell.swift in Sources */,
				2120A5522042EC6300DDA6B8 /* BrowsePagerTabStripViewController.swift in Sources */,
				214D1A862043B95C00A523AD /* ProductDetailBasicCell.swift in Sources */,
				214D1A992045140000A523AD /* Context.swift in Sources */,
				21F1AD812042F45700825242 /* BrowseViewController.swift in Sources */,
				21E5F55420430847009D7A71 /* ProductCell.swift in Sources */,
				214D1A7A2043B0B900A523AD /* ProductDetailImageCell.swift in Sources */,
				214D1AA12045384C00A523AD /* NavigationController.swift in Sources */,
				21AABCE420464CF70013BA40 /* UserModel.swift in Sources */,
				214D1A912044584D00A523AD /* ProductModel.swift in Sources */,
				214D1A8E2044504F00A523AD /* Color.swift in Sources */,
				21AABCE12045BBC10013BA40 /* SettingsViewController.swift in Sources */,
				214D1A9620445D0800A523AD /* NewsCell.swift in Sources */,
				214D1A802043B4DD00A523AD /* ProductDetailSampleCell.swift in Sources */,
				21E5F55620430860009D7A71 /* NewsImageCell.swift in Sources */,
				214D1A8A2044397D00A523AD /* WebViewController.swift in Sources */,
				214D1A932044597000A523AD /* NewsModel.swift in Sources */,
				214D1A842043B8C200A523AD /* ProductSampleCell.swift in Sources */,
				2120A54E2042A8E600DDA6B8 /* PersonalUserCell.swift in Sources */,
				2166ACAD2042A1A3002D1C36 /* PersonalViewController.swift in Sources */,
			);
			runOnlyForDeploymentPostprocessing = 0;
		};
/* End PBXSourcesBuildPhase section */

/* Begin PBXVariantGroup section */
		215B083B203FFF3000802011 /* LaunchScreen.storyboard */ = {
			isa = PBXVariantGroup;
			children = (
				215B083C203FFF3000802011 /* Base */,
			);
			name = LaunchScreen.storyboard;
			sourceTree = "<group>";
		};
/* End PBXVariantGroup section */

/* Begin XCBuildConfiguration section */
		215B083F203FFF3000802011 /* Debug */ = {
			isa = XCBuildConfiguration;
			buildSettings = {
				ALWAYS_SEARCH_USER_PATHS = NO;
				CLANG_ANALYZER_NONNULL = YES;
				CLANG_ANALYZER_NUMBER_OBJECT_CONVERSION = YES_AGGRESSIVE;
				CLANG_CXX_LANGUAGE_STANDARD = "gnu++14";
				CLANG_CXX_LIBRARY = "libc++";
				CLANG_ENABLE_MODULES = YES;
				CLANG_ENABLE_OBJC_ARC = YES;
				CLANG_WARN_BLOCK_CAPTURE_AUTORELEASING = YES;
				CLANG_WARN_BOOL_CONVERSION = YES;
				CLANG_WARN_COMMA = YES;
				CLANG_WARN_CONSTANT_CONVERSION = YES;
				CLANG_WARN_DIRECT_OBJC_ISA_USAGE = YES_ERROR;
				CLANG_WARN_DOCUMENTATION_COMMENTS = YES;
				CLANG_WARN_EMPTY_BODY = YES;
				CLANG_WARN_ENUM_CONVERSION = YES;
				CLANG_WARN_INFINITE_RECURSION = YES;
				CLANG_WARN_INT_CONVERSION = YES;
				CLANG_WARN_NON_LITERAL_NULL_CONVERSION = YES;
				CLANG_WARN_OBJC_LITERAL_CONVERSION = YES;
				CLANG_WARN_OBJC_ROOT_CLASS = YES_ERROR;
				CLANG_WARN_RANGE_LOOP_ANALYSIS = YES;
				CLANG_WARN_STRICT_PROTOTYPES = YES;
				CLANG_WARN_SUSPICIOUS_MOVE = YES;
				CLANG_WARN_UNGUARDED_AVAILABILITY = YES_AGGRESSIVE;
				CLANG_WARN_UNREACHABLE_CODE = YES;
				CLANG_WARN__DUPLICATE_METHOD_MATCH = YES;
				CODE_SIGN_IDENTITY = "iPhone Developer";
				COPY_PHASE_STRIP = NO;
				DEBUG_ACTIVITY_MODE = "";
				"DEBUG_ACTIVITY_MODE[sdk=iphonesimulator*]" = default;
				DEBUG_INFORMATION_FORMAT = dwarf;
				ENABLE_STRICT_OBJC_MSGSEND = YES;
				ENABLE_TESTABILITY = YES;
				GCC_C_LANGUAGE_STANDARD = gnu11;
				GCC_DYNAMIC_NO_PIC = NO;
				GCC_NO_COMMON_BLOCKS = YES;
				GCC_OPTIMIZATION_LEVEL = 0;
				GCC_PREPROCESSOR_DEFINITIONS = (
					"DEBUG=1",
					"$(inherited)",
				);
				GCC_WARN_64_TO_32_BIT_CONVERSION = YES;
				GCC_WARN_ABOUT_RETURN_TYPE = YES_ERROR;
				GCC_WARN_UNDECLARED_SELECTOR = YES;
				GCC_WARN_UNINITIALIZED_AUTOS = YES_AGGRESSIVE;
				GCC_WARN_UNUSED_FUNCTION = YES;
				GCC_WARN_UNUSED_VARIABLE = YES;
				IPHONEOS_DEPLOYMENT_TARGET = 9.0;
				MTL_ENABLE_DEBUG_INFO = YES;
				ONLY_ACTIVE_ARCH = YES;
				SDKROOT = iphoneos;
				SWIFT_ACTIVE_COMPILATION_CONDITIONS = DEBUG;
				SWIFT_OPTIMIZATION_LEVEL = "-Onone";
			};
			name = Debug;
		};
		215B0840203FFF3000802011 /* Release */ = {
			isa = XCBuildConfiguration;
			buildSettings = {
				ALWAYS_SEARCH_USER_PATHS = NO;
				CLANG_ANALYZER_NONNULL = YES;
				CLANG_ANALYZER_NUMBER_OBJECT_CONVERSION = YES_AGGRESSIVE;
				CLANG_CXX_LANGUAGE_STANDARD = "gnu++14";
				CLANG_CXX_LIBRARY = "libc++";
				CLANG_ENABLE_MODULES = YES;
				CLANG_ENABLE_OBJC_ARC = YES;
				CLANG_WARN_BLOCK_CAPTURE_AUTORELEASING = YES;
				CLANG_WARN_BOOL_CONVERSION = YES;
				CLANG_WARN_COMMA = YES;
				CLANG_WARN_CONSTANT_CONVERSION = YES;
				CLANG_WARN_DIRECT_OBJC_ISA_USAGE = YES_ERROR;
				CLANG_WARN_DOCUMENTATION_COMMENTS = YES;
				CLANG_WARN_EMPTY_BODY = YES;
				CLANG_WARN_ENUM_CONVERSION = YES;
				CLANG_WARN_INFINITE_RECURSION = YES;
				CLANG_WARN_INT_CONVERSION = YES;
				CLANG_WARN_NON_LITERAL_NULL_CONVERSION = YES;
				CLANG_WARN_OBJC_LITERAL_CONVERSION = YES;
				CLANG_WARN_OBJC_ROOT_CLASS = YES_ERROR;
				CLANG_WARN_RANGE_LOOP_ANALYSIS = YES;
				CLANG_WARN_STRICT_PROTOTYPES = YES;
				CLANG_WARN_SUSPICIOUS_MOVE = YES;
				CLANG_WARN_UNGUARDED_AVAILABILITY = YES_AGGRESSIVE;
				CLANG_WARN_UNREACHABLE_CODE = YES;
				CLANG_WARN__DUPLICATE_METHOD_MATCH = YES;
				CODE_SIGN_IDENTITY = "iPhone Developer";
				COPY_PHASE_STRIP = NO;
				DEBUG_ACTIVITY_MODE = "";
				DEBUG_INFORMATION_FORMAT = "dwarf-with-dsym";
				ENABLE_NS_ASSERTIONS = NO;
				ENABLE_STRICT_OBJC_MSGSEND = YES;
				GCC_C_LANGUAGE_STANDARD = gnu11;
				GCC_NO_COMMON_BLOCKS = YES;
				GCC_WARN_64_TO_32_BIT_CONVERSION = YES;
				GCC_WARN_ABOUT_RETURN_TYPE = YES_ERROR;
				GCC_WARN_UNDECLARED_SELECTOR = YES;
				GCC_WARN_UNINITIALIZED_AUTOS = YES_AGGRESSIVE;
				GCC_WARN_UNUSED_FUNCTION = YES;
				GCC_WARN_UNUSED_VARIABLE = YES;
				IPHONEOS_DEPLOYMENT_TARGET = 9.0;
				MTL_ENABLE_DEBUG_INFO = NO;
				SDKROOT = iphoneos;
				SWIFT_OPTIMIZATION_LEVEL = "-Owholemodule";
				VALIDATE_PRODUCT = YES;
			};
			name = Release;
		};
		215B0842203FFF3000802011 /* Debug */ = {
			isa = XCBuildConfiguration;
			baseConfigurationReference = D950ABC2CB84B87C24E6F271 /* Pods-Lens.debug.xcconfig */;
			buildSettings = {
				ASSETCATALOG_COMPILER_APPICON_NAME = AppIcon;
				CODE_SIGN_STYLE = Automatic;
				DEVELOPMENT_TEAM = Y68KHR2W8X;
				INFOPLIST_FILE = Lens/Info.plist;
				IPHONEOS_DEPLOYMENT_TARGET = 9.0;
				LD_RUNPATH_SEARCH_PATHS = "$(inherited) @executable_path/Frameworks";
				PRODUCT_BUNDLE_IDENTIFIER = cn.archieyu.Lens;
				PRODUCT_NAME = "$(TARGET_NAME)";
				SWIFT_VERSION = 4.0;
				TARGETED_DEVICE_FAMILY = "1,2";
			};
			name = Debug;
		};
		215B0843203FFF3000802011 /* Release */ = {
			isa = XCBuildConfiguration;
			baseConfigurationReference = 4C59144F0A95C64492F28879 /* Pods-Lens.release.xcconfig */;
			buildSettings = {
				ASSETCATALOG_COMPILER_APPICON_NAME = AppIcon;
				CODE_SIGN_STYLE = Automatic;
				DEVELOPMENT_TEAM = Y68KHR2W8X;
				INFOPLIST_FILE = Lens/Info.plist;
				IPHONEOS_DEPLOYMENT_TARGET = 9.0;
				LD_RUNPATH_SEARCH_PATHS = "$(inherited) @executable_path/Frameworks";
				PRODUCT_BUNDLE_IDENTIFIER = cn.archieyu.Lens;
				PRODUCT_NAME = "$(TARGET_NAME)";
				SWIFT_VERSION = 4.0;
				TARGETED_DEVICE_FAMILY = "1,2";
			};
			name = Release;
		};
/* End XCBuildConfiguration section */

/* Begin XCConfigurationList section */
		215B082A203FFF3000802011 /* Build configuration list for PBXProject "Lens" */ = {
			isa = XCConfigurationList;
			buildConfigurations = (
				215B083F203FFF3000802011 /* Debug */,
				215B0840203FFF3000802011 /* Release */,
			);
			defaultConfigurationIsVisible = 0;
			defaultConfigurationName = Release;
		};
		215B0841203FFF3000802011 /* Build configuration list for PBXNativeTarget "Lens" */ = {
			isa = XCConfigurationList;
			buildConfigurations = (
				215B0842203FFF3000802011 /* Debug */,
				215B0843203FFF3000802011 /* Release */,
			);
			defaultConfigurationIsVisible = 0;
			defaultConfigurationName = Release;
		};
/* End XCConfigurationList section */
	};
	rootObject = 215B0827203FFF3000802011 /* Project object */;
}
