// !$*UTF8*$!
{
	archiveVersion = 1;
	classes = {
	};
	objectVersion = 48;
	objects = {

/* Begin PBXBuildFile section */
		2120A54E2042A8E600DDA6B8 /* MineUserCell.swift in Sources */ = {isa = PBXBuildFile; fileRef = 2120A54D2042A8E600DDA6B8 /* MineUserCell.swift */; };
		2120A5502042B27800DDA6B8 /* MineBudgetCell.swift in Sources */ = {isa = PBXBuildFile; fileRef = 2120A54F2042B27800DDA6B8 /* MineBudgetCell.swift */; };
		2120A5522042EC6300DDA6B8 /* BrowsePagerTabStripViewController.swift in Sources */ = {isa = PBXBuildFile; fileRef = 2120A5512042EC6300DDA6B8 /* BrowsePagerTabStripViewController.swift */; };
		215B0833203FFF3000802011 /* AppDelegate.swift in Sources */ = {isa = PBXBuildFile; fileRef = 215B0832203FFF3000802011 /* AppDelegate.swift */; };
		215B0838203FFF3000802011 /* Main.storyboard in Resources */ = {isa = PBXBuildFile; fileRef = 215B0836203FFF3000802011 /* Main.storyboard */; };
		215B083A203FFF3000802011 /* Assets.xcassets in Resources */ = {isa = PBXBuildFile; fileRef = 215B0839203FFF3000802011 /* Assets.xcassets */; };
		215B083D203FFF3000802011 /* LaunchScreen.storyboard in Resources */ = {isa = PBXBuildFile; fileRef = 215B083B203FFF3000802011 /* LaunchScreen.storyboard */; };
		2166ACA720426E35002D1C36 /* HomeTabBarController.swift in Sources */ = {isa = PBXBuildFile; fileRef = 2166ACA620426E35002D1C36 /* HomeTabBarController.swift */; };
		2166ACAB20427FC9002D1C36 /* TabNavigationBar.swift in Sources */ = {isa = PBXBuildFile; fileRef = 2166ACAA20427FC9002D1C36 /* TabNavigationBar.swift */; };
		2166ACAD2042A1A3002D1C36 /* MineViewController.swift in Sources */ = {isa = PBXBuildFile; fileRef = 2166ACAC2042A1A3002D1C36 /* MineViewController.swift */; };
		21E5F55420430847009D7A71 /* EquipmentCell.swift in Sources */ = {isa = PBXBuildFile; fileRef = 21E5F55320430847009D7A71 /* EquipmentCell.swift */; };
		21E5F55620430860009D7A71 /* PictureNewsCell.swift in Sources */ = {isa = PBXBuildFile; fileRef = 21E5F55520430860009D7A71 /* PictureNewsCell.swift */; };
		21E5F55D20431BE7009D7A71 /* EquipmentCell.xib in Resources */ = {isa = PBXBuildFile; fileRef = 21E5F55C20431BE7009D7A71 /* EquipmentCell.xib */; };
		21E5F55F204320EB009D7A71 /* PictureNewsCell.xib in Resources */ = {isa = PBXBuildFile; fileRef = 21E5F55E204320EB009D7A71 /* PictureNewsCell.xib */; };
		21F1AD812042F45700825242 /* BrowseTableViewController.swift in Sources */ = {isa = PBXBuildFile; fileRef = 21F1AD802042F45700825242 /* BrowseTableViewController.swift */; };
		BB39128EB2D50871D9AC8058 /* Pods_Lens.framework in Frameworks */ = {isa = PBXBuildFile; fileRef = 8A8BAC57CEB1F7D86CC66E6A /* Pods_Lens.framework */; };
/* End PBXBuildFile section */

/* Begin PBXFileReference section */
		2120A54D2042A8E600DDA6B8 /* MineUserCell.swift */ = {isa = PBXFileReference; lastKnownFileType = sourcecode.swift; path = MineUserCell.swift; sourceTree = "<group>"; };
		2120A54F2042B27800DDA6B8 /* MineBudgetCell.swift */ = {isa = PBXFileReference; lastKnownFileType = sourcecode.swift; path = MineBudgetCell.swift; sourceTree = "<group>"; };
		2120A5512042EC6300DDA6B8 /* BrowsePagerTabStripViewController.swift */ = {isa = PBXFileReference; lastKnownFileType = sourcecode.swift; path = BrowsePagerTabStripViewController.swift; sourceTree = "<group>"; };
		215B082F203FFF3000802011 /* Lens.app */ = {isa = PBXFileReference; explicitFileType = wrapper.application; includeInIndex = 0; path = Lens.app; sourceTree = BUILT_PRODUCTS_DIR; };
		215B0832203FFF3000802011 /* AppDelegate.swift */ = {isa = PBXFileReference; lastKnownFileType = sourcecode.swift; path = AppDelegate.swift; sourceTree = "<group>"; };
		215B0837203FFF3000802011 /* Base */ = {isa = PBXFileReference; lastKnownFileType = file.storyboard; name = Base; path = Base.lproj/Main.storyboard; sourceTree = "<group>"; };
		215B0839203FFF3000802011 /* Assets.xcassets */ = {isa = PBXFileReference; lastKnownFileType = folder.assetcatalog; path = Assets.xcassets; sourceTree = "<group>"; };
		215B083C203FFF3000802011 /* Base */ = {isa = PBXFileReference; lastKnownFileType = file.storyboard; name = Base; path = Base.lproj/LaunchScreen.storyboard; sourceTree = "<group>"; };
		215B083E203FFF3000802011 /* Info.plist */ = {isa = PBXFileReference; lastKnownFileType = text.plist.xml; path = Info.plist; sourceTree = "<group>"; };
		2166ACA620426E35002D1C36 /* HomeTabBarController.swift */ = {isa = PBXFileReference; lastKnownFileType = sourcecode.swift; path = HomeTabBarController.swift; sourceTree = "<group>"; };
		2166ACAA20427FC9002D1C36 /* TabNavigationBar.swift */ = {isa = PBXFileReference; lastKnownFileType = sourcecode.swift; path = TabNavigationBar.swift; sourceTree = "<group>"; };
		2166ACAC2042A1A3002D1C36 /* MineViewController.swift */ = {isa = PBXFileReference; lastKnownFileType = sourcecode.swift; path = MineViewController.swift; sourceTree = "<group>"; };
		21E5F55320430847009D7A71 /* EquipmentCell.swift */ = {isa = PBXFileReference; lastKnownFileType = sourcecode.swift; path = EquipmentCell.swift; sourceTree = "<group>"; };
		21E5F55520430860009D7A71 /* PictureNewsCell.swift */ = {isa = PBXFileReference; lastKnownFileType = sourcecode.swift; path = PictureNewsCell.swift; sourceTree = "<group>"; };
		21E5F55C20431BE7009D7A71 /* EquipmentCell.xib */ = {isa = PBXFileReference; lastKnownFileType = file.xib; path = EquipmentCell.xib; sourceTree = "<group>"; };
		21E5F55E204320EB009D7A71 /* PictureNewsCell.xib */ = {isa = PBXFileReference; lastKnownFileType = file.xib; path = PictureNewsCell.xib; sourceTree = "<group>"; };
		21F1AD802042F45700825242 /* BrowseTableViewController.swift */ = {isa = PBXFileReference; lastKnownFileType = sourcecode.swift; path = BrowseTableViewController.swift; sourceTree = "<group>"; };
		4C59144F0A95C64492F28879 /* Pods-Lens.release.xcconfig */ = {isa = PBXFileReference; includeInIndex = 1; lastKnownFileType = text.xcconfig; name = "Pods-Lens.release.xcconfig"; path = "Pods/Target Support Files/Pods-Lens/Pods-Lens.release.xcconfig"; sourceTree = "<group>"; };
		8A8BAC57CEB1F7D86CC66E6A /* Pods_Lens.framework */ = {isa = PBXFileReference; explicitFileType = wrapper.framework; includeInIndex = 0; path = Pods_Lens.framework; sourceTree = BUILT_PRODUCTS_DIR; };
		D950ABC2CB84B87C24E6F271 /* Pods-Lens.debug.xcconfig */ = {isa = PBXFileReference; includeInIndex = 1; lastKnownFileType = text.xcconfig; name = "Pods-Lens.debug.xcconfig"; path = "Pods/Target Support Files/Pods-Lens/Pods-Lens.debug.xcconfig"; sourceTree = "<group>"; };
/* End PBXFileReference section */

/* Begin PBXFrameworksBuildPhase section */
		215B082C203FFF3000802011 /* Frameworks */ = {
			isa = PBXFrameworksBuildPhase;
			buildActionMask = 2147483647;
			files = (
				BB39128EB2D50871D9AC8058 /* Pods_Lens.framework in Frameworks */,
			);
			runOnlyForDeploymentPostprocessing = 0;
		};
/* End PBXFrameworksBuildPhase section */

/* Begin PBXGroup section */
		215B0826203FFF3000802011 = {
			isa = PBXGroup;
			children = (
				215B0831203FFF3000802011 /* Lens */,
				215B0830203FFF3000802011 /* Products */,
				93BCAD10BA1493645A107934 /* Pods */,
				D70938D01D5D60FBDAFD8D10 /* Frameworks */,
			);
			sourceTree = "<group>";
		};
		215B0830203FFF3000802011 /* Products */ = {
			isa = PBXGroup;
			children = (
				215B082F203FFF3000802011 /* Lens.app */,
			);
			name = Products;
			sourceTree = "<group>";
		};
		215B0831203FFF3000802011 /* Lens */ = {
			isa = PBXGroup;
			children = (
				215B0832203FFF3000802011 /* AppDelegate.swift */,
				215B0836203FFF3000802011 /* Main.storyboard */,
				215B0839203FFF3000802011 /* Assets.xcassets */,
				215B083B203FFF3000802011 /* LaunchScreen.storyboard */,
				215B083E203FFF3000802011 /* Info.plist */,
				2166ACA620426E35002D1C36 /* HomeTabBarController.swift */,
				2166ACAA20427FC9002D1C36 /* TabNavigationBar.swift */,
				2166ACAC2042A1A3002D1C36 /* MineViewController.swift */,
				2120A54D2042A8E600DDA6B8 /* MineUserCell.swift */,
				2120A54F2042B27800DDA6B8 /* MineBudgetCell.swift */,
				2120A5512042EC6300DDA6B8 /* BrowsePagerTabStripViewController.swift */,
				21F1AD802042F45700825242 /* BrowseTableViewController.swift */,
				21E5F55320430847009D7A71 /* EquipmentCell.swift */,
				21E5F55E204320EB009D7A71 /* PictureNewsCell.xib */,
				21E5F55C20431BE7009D7A71 /* EquipmentCell.xib */,
				21E5F55520430860009D7A71 /* PictureNewsCell.swift */,
			);
			path = Lens;
			sourceTree = "<group>";
		};
		93BCAD10BA1493645A107934 /* Pods */ = {
			isa = PBXGroup;
			children = (
				D950ABC2CB84B87C24E6F271 /* Pods-Lens.debug.xcconfig */,
				4C59144F0A95C64492F28879 /* Pods-Lens.release.xcconfig */,
			);
			name = Pods;
			sourceTree = "<group>";
		};
		D70938D01D5D60FBDAFD8D10 /* Frameworks */ = {
			isa = PBXGroup;
			children = (
				8A8BAC57CEB1F7D86CC66E6A /* Pods_Lens.framework */,
			);
			name = Frameworks;
			sourceTree = "<group>";
		};
/* End PBXGroup section */

/* Begin PBXNativeTarget section */
		215B082E203FFF3000802011 /* Lens */ = {
			isa = PBXNativeTarget;
			buildConfigurationList = 215B0841203FFF3000802011 /* Build configuration list for PBXNativeTarget "Lens" */;
			buildPhases = (
				0AE103A90305C42F3DB81CAC /* [CP] Check Pods Manifest.lock */,
				215B082B203FFF3000802011 /* Sources */,
				215B082C203FFF3000802011 /* Frameworks */,
				215B082D203FFF3000802011 /* Resources */,
				8F388892BA6FBAAECD954F1B /* [CP] Embed Pods Frameworks */,
				E6730EDF8ACC38C0DFB7F3EB /* [CP] Copy Pods Resources */,
			);
			buildRules = (
			);
			dependencies = (
			);
			name = Lens;
			productName = Lens;
			productReference = 215B082F203FFF3000802011 /* Lens.app */;
			productType = "com.apple.product-type.application";
		};
/* End PBXNativeTarget section */

/* Begin PBXProject section */
		215B0827203FFF3000802011 /* Project object */ = {
			isa = PBXProject;
			attributes = {
				LastSwiftUpdateCheck = 0920;
				LastUpgradeCheck = 0920;
				ORGANIZATIONNAME = "Archie Yu";
				TargetAttributes = {
					215B082E203FFF3000802011 = {
						CreatedOnToolsVersion = 9.2;
						ProvisioningStyle = Automatic;
					};
				};
			};
			buildConfigurationList = 215B082A203FFF3000802011 /* Build configuration list for PBXProject "Lens" */;
			compatibilityVersion = "Xcode 8.0";
			developmentRegion = en;
			hasScannedForEncodings = 0;
			knownRegions = (
				en,
				Base,
			);
			mainGroup = 215B0826203FFF3000802011;
			productRefGroup = 215B0830203FFF3000802011 /* Products */;
			projectDirPath = "";
			projectRoot = "";
			targets = (
				215B082E203FFF3000802011 /* Lens */,
			);
		};
/* End PBXProject section */

/* Begin PBXResourcesBuildPhase section */
		215B082D203FFF3000802011 /* Resources */ = {
			isa = PBXResourcesBuildPhase;
			buildActionMask = 2147483647;
			files = (
				215B083D203FFF3000802011 /* LaunchScreen.storyboard in Resources */,
				21E5F55F204320EB009D7A71 /* PictureNewsCell.xib in Resources */,
				215B083A203FFF3000802011 /* Assets.xcassets in Resources */,
				21E5F55D20431BE7009D7A71 /* EquipmentCell.xib in Resources */,
				215B0838203FFF3000802011 /* Main.storyboard in Resources */,
			);
			runOnlyForDeploymentPostprocessing = 0;
		};
/* End PBXResourcesBuildPhase section */

/* Begin PBXShellScriptBuildPhase section */
		0AE103A90305C42F3DB81CAC /* [CP] Check Pods Manifest.lock */ = {
			isa = PBXShellScriptBuildPhase;
			buildActionMask = 2147483647;
			files = (
			);
			inputPaths = (
				"${PODS_PODFILE_DIR_PATH}/Podfile.lock",
				"${PODS_ROOT}/Manifest.lock",
			);
			name = "[CP] Check Pods Manifest.lock";
			outputPaths = (
				"$(DERIVED_FILE_DIR)/Pods-Lens-checkManifestLockResult.txt",
			);
			runOnlyForDeploymentPostprocessing = 0;
			shellPath = /bin/sh;
			shellScript = "diff \"${PODS_PODFILE_DIR_PATH}/Podfile.lock\" \"${PODS_ROOT}/Manifest.lock\" > /dev/null\nif [ $? != 0 ] ; then\n    # print error to STDERR\n    echo \"error: The sandbox is not in sync with the Podfile.lock. Run 'pod install' or update your CocoaPods installation.\" >&2\n    exit 1\nfi\n# This output is used by Xcode 'outputs' to avoid re-running this script phase.\necho \"SUCCESS\" > \"${SCRIPT_OUTPUT_FILE_0}\"\n";
			showEnvVarsInLog = 0;
		};
		8F388892BA6FBAAECD954F1B /* [CP] Embed Pods Frameworks */ = {
			isa = PBXShellScriptBuildPhase;
			buildActionMask = 2147483647;
			files = (
			);
			inputPaths = (
				"${SRCROOT}/Pods/Target Support Files/Pods-Lens/Pods-Lens-frameworks.sh",
				"${BUILT_PRODUCTS_DIR}/XLPagerTabStrip/XLPagerTabStrip.framework",
			);
			name = "[CP] Embed Pods Frameworks";
			outputPaths = (
				"${TARGET_BUILD_DIR}/${FRAMEWORKS_FOLDER_PATH}/XLPagerTabStrip.framework",
			);
			runOnlyForDeploymentPostprocessing = 0;
			shellPath = /bin/sh;
			shellScript = "\"${SRCROOT}/Pods/Target Support Files/Pods-Lens/Pods-Lens-frameworks.sh\"\n";
			showEnvVarsInLog = 0;
		};
		E6730EDF8ACC38C0DFB7F3EB /* [CP] Copy Pods Resources */ = {
			isa = PBXShellScriptBuildPhase;
			buildActionMask = 2147483647;
			files = (
			);
			inputPaths = (
			);
			name = "[CP] Copy Pods Resources";
			outputPaths = (
			);
			runOnlyForDeploymentPostprocessing = 0;
			shellPath = /bin/sh;
			shellScript = "\"${SRCROOT}/Pods/Target Support Files/Pods-Lens/Pods-Lens-resources.sh\"\n";
			showEnvVarsInLog = 0;
		};
/* End PBXShellScriptBuildPhase section */

/* Begin PBXSourcesBuildPhase section */
		215B082B203FFF3000802011 /* Sources */ = {
			isa = PBXSourcesBuildPhase;
			buildActionMask = 2147483647;
			files = (
				215B0833203FFF3000802011 /* AppDelegate.swift in Sources */,
				2120A5502042B27800DDA6B8 /* MineBudgetCell.swift in Sources */,
				2166ACAB20427FC9002D1C36 /* TabNavigationBar.swift in Sources */,
				2120A5522042EC6300DDA6B8 /* BrowsePagerTabStripViewController.swift in Sources */,
				21F1AD812042F45700825242 /* BrowseTableViewController.swift in Sources */,
				2166ACA720426E35002D1C36 /* HomeTabBarController.swift in Sources */,
				21E5F55420430847009D7A71 /* EquipmentCell.swift in Sources */,
				21E5F55620430860009D7A71 /* PictureNewsCell.swift in Sources */,
				2120A54E2042A8E600DDA6B8 /* MineUserCell.swift in Sources */,
				2166ACAD2042A1A3002D1C36 /* MineViewController.swift in Sources */,
			);
			runOnlyForDeploymentPostprocessing = 0;
		};
/* End PBXSourcesBuildPhase section */

/* Begin PBXVariantGroup section */
		215B0836203FFF3000802011 /* Main.storyboard */ = {
			isa = PBXVariantGroup;
			children = (
				215B0837203FFF3000802011 /* Base */,
			);
			name = Main.storyboard;
			sourceTree = "<group>";
		};
		215B083B203FFF3000802011 /* LaunchScreen.storyboard */ = {
			isa = PBXVariantGroup;
			children = (
				215B083C203FFF3000802011 /* Base */,
			);
			name = LaunchScreen.storyboard;
			sourceTree = "<group>";
		};
/* End PBXVariantGroup section */

/* Begin XCBuildConfiguration section */
		215B083F203FFF3000802011 /* Debug */ = {
			isa = XCBuildConfiguration;
			buildSettings = {
				ALWAYS_SEARCH_USER_PATHS = NO;
				CLANG_ANALYZER_NONNULL = YES;
				CLANG_ANALYZER_NUMBER_OBJECT_CONVERSION = YES_AGGRESSIVE;
				CLANG_CXX_LANGUAGE_STANDARD = "gnu++14";
				CLANG_CXX_LIBRARY = "libc++";
				CLANG_ENABLE_MODULES = YES;
				CLANG_ENABLE_OBJC_ARC = YES;
				CLANG_WARN_BLOCK_CAPTURE_AUTORELEASING = YES;
				CLANG_WARN_BOOL_CONVERSION = YES;
				CLANG_WARN_COMMA = YES;
				CLANG_WARN_CONSTANT_CONVERSION = YES;
				CLANG_WARN_DIRECT_OBJC_ISA_USAGE = YES_ERROR;
				CLANG_WARN_DOCUMENTATION_COMMENTS = YES;
				CLANG_WARN_EMPTY_BODY = YES;
				CLANG_WARN_ENUM_CONVERSION = YES;
				CLANG_WARN_INFINITE_RECURSION = YES;
				CLANG_WARN_INT_CONVERSION = YES;
				CLANG_WARN_NON_LITERAL_NULL_CONVERSION = YES;
				CLANG_WARN_OBJC_LITERAL_CONVERSION = YES;
				CLANG_WARN_OBJC_ROOT_CLASS = YES_ERROR;
				CLANG_WARN_RANGE_LOOP_ANALYSIS = YES;
				CLANG_WARN_STRICT_PROTOTYPES = YES;
				CLANG_WARN_SUSPICIOUS_MOVE = YES;
				CLANG_WARN_UNGUARDED_AVAILABILITY = YES_AGGRESSIVE;
				CLANG_WARN_UNREACHABLE_CODE = YES;
				CLANG_WARN__DUPLICATE_METHOD_MATCH = YES;
				CODE_SIGN_IDENTITY = "iPhone Developer";
				COPY_PHASE_STRIP = NO;
				DEBUG_INFORMATION_FORMAT = dwarf;
				ENABLE_STRICT_OBJC_MSGSEND = YES;
				ENABLE_TESTABILITY = YES;
				GCC_C_LANGUAGE_STANDARD = gnu11;
				GCC_DYNAMIC_NO_PIC = NO;
				GCC_NO_COMMON_BLOCKS = YES;
				GCC_OPTIMIZATION_LEVEL = 0;
				GCC_PREPROCESSOR_DEFINITIONS = (
					"DEBUG=1",
					"$(inherited)",
				);
				GCC_WARN_64_TO_32_BIT_CONVERSION = YES;
				GCC_WARN_ABOUT_RETURN_TYPE = YES_ERROR;
				GCC_WARN_UNDECLARED_SELECTOR = YES;
				GCC_WARN_UNINITIALIZED_AUTOS = YES_AGGRESSIVE;
				GCC_WARN_UNUSED_FUNCTION = YES;
				GCC_WARN_UNUSED_VARIABLE = YES;
				IPHONEOS_DEPLOYMENT_TARGET = 9.0;
				MTL_ENABLE_DEBUG_INFO = YES;
				ONLY_ACTIVE_ARCH = YES;
				SDKROOT = iphoneos;
				SWIFT_ACTIVE_COMPILATION_CONDITIONS = DEBUG;
				SWIFT_OPTIMIZATION_LEVEL = "-Onone";
			};
			name = Debug;
		};
		215B0840203FFF3000802011 /* Release */ = {
			isa = XCBuildConfiguration;
			buildSettings = {
				ALWAYS_SEARCH_USER_PATHS = NO;
				CLANG_ANALYZER_NONNULL = YES;
				CLANG_ANALYZER_NUMBER_OBJECT_CONVERSION = YES_AGGRESSIVE;
				CLANG_CXX_LANGUAGE_STANDARD = "gnu++14";
				CLANG_CXX_LIBRARY = "libc++";
				CLANG_ENABLE_MODULES = YES;
				CLANG_ENABLE_OBJC_ARC = YES;
				CLANG_WARN_BLOCK_CAPTURE_AUTORELEASING = YES;
				CLANG_WARN_BOOL_CONVERSION = YES;
				CLANG_WARN_COMMA = YES;
				CLANG_WARN_CONSTANT_CONVERSION = YES;
				CLANG_WARN_DIRECT_OBJC_ISA_USAGE = YES_ERROR;
				CLANG_WARN_DOCUMENTATION_COMMENTS = YES;
				CLANG_WARN_EMPTY_BODY = YES;
				CLANG_WARN_ENUM_CONVERSION = YES;
				CLANG_WARN_INFINITE_RECURSION = YES;
				CLANG_WARN_INT_CONVERSION = YES;
				CLANG_WARN_NON_LITERAL_NULL_CONVERSION = YES;
				CLANG_WARN_OBJC_LITERAL_CONVERSION = YES;
				CLANG_WARN_OBJC_ROOT_CLASS = YES_ERROR;
				CLANG_WARN_RANGE_LOOP_ANALYSIS = YES;
				CLANG_WARN_STRICT_PROTOTYPES = YES;
				CLANG_WARN_SUSPICIOUS_MOVE = YES;
				CLANG_WARN_UNGUARDED_AVAILABILITY = YES_AGGRESSIVE;
				CLANG_WARN_UNREACHABLE_CODE = YES;
				CLANG_WARN__DUPLICATE_METHOD_MATCH = YES;
				CODE_SIGN_IDENTITY = "iPhone Developer";
				COPY_PHASE_STRIP = NO;
				DEBUG_INFORMATION_FORMAT = "dwarf-with-dsym";
				ENABLE_NS_ASSERTIONS = NO;
				ENABLE_STRICT_OBJC_MSGSEND = YES;
				GCC_C_LANGUAGE_STANDARD = gnu11;
				GCC_NO_COMMON_BLOCKS = YES;
				GCC_WARN_64_TO_32_BIT_CONVERSION = YES;
				GCC_WARN_ABOUT_RETURN_TYPE = YES_ERROR;
				GCC_WARN_UNDECLARED_SELECTOR = YES;
				GCC_WARN_UNINITIALIZED_AUTOS = YES_AGGRESSIVE;
				GCC_WARN_UNUSED_FUNCTION = YES;
				GCC_WARN_UNUSED_VARIABLE = YES;
				IPHONEOS_DEPLOYMENT_TARGET = 9.0;
				MTL_ENABLE_DEBUG_INFO = NO;
				SDKROOT = iphoneos;
				SWIFT_OPTIMIZATION_LEVEL = "-Owholemodule";
				VALIDATE_PRODUCT = YES;
			};
			name = Release;
		};
		215B0842203FFF3000802011 /* Debug */ = {
			isa = XCBuildConfiguration;
			baseConfigurationReference = D950ABC2CB84B87C24E6F271 /* Pods-Lens.debug.xcconfig */;
			buildSettings = {
				ASSETCATALOG_COMPILER_APPICON_NAME = AppIcon;
				CODE_SIGN_STYLE = Automatic;
				DEVELOPMENT_TEAM = XHJTKYLCPV;
				INFOPLIST_FILE = Lens/Info.plist;
				IPHONEOS_DEPLOYMENT_TARGET = 9.0;
				LD_RUNPATH_SEARCH_PATHS = "$(inherited) @executable_path/Frameworks";
				PRODUCT_BUNDLE_IDENTIFIER = cn.nju.lamda.archieyu.Lens;
				PRODUCT_NAME = "$(TARGET_NAME)";
				SWIFT_VERSION = 4.0;
				TARGETED_DEVICE_FAMILY = "1,2";
			};
			name = Debug;
		};
		215B0843203FFF3000802011 /* Release */ = {
			isa = XCBuildConfiguration;
			baseConfigurationReference = 4C59144F0A95C64492F28879 /* Pods-Lens.release.xcconfig */;
			buildSettings = {
				ASSETCATALOG_COMPILER_APPICON_NAME = AppIcon;
				CODE_SIGN_STYLE = Automatic;
				DEVELOPMENT_TEAM = XHJTKYLCPV;
				INFOPLIST_FILE = Lens/Info.plist;
				IPHONEOS_DEPLOYMENT_TARGET = 9.0;
				LD_RUNPATH_SEARCH_PATHS = "$(inherited) @executable_path/Frameworks";
				PRODUCT_BUNDLE_IDENTIFIER = cn.nju.lamda.archieyu.Lens;
				PRODUCT_NAME = "$(TARGET_NAME)";
				SWIFT_VERSION = 4.0;
				TARGETED_DEVICE_FAMILY = "1,2";
			};
			name = Release;
		};
/* End XCBuildConfiguration section */

/* Begin XCConfigurationList section */
		215B082A203FFF3000802011 /* Build configuration list for PBXProject "Lens" */ = {
			isa = XCConfigurationList;
			buildConfigurations = (
				215B083F203FFF3000802011 /* Debug */,
				215B0840203FFF3000802011 /* Release */,
			);
			defaultConfigurationIsVisible = 0;
			defaultConfigurationName = Release;
		};
		215B0841203FFF3000802011 /* Build configuration list for PBXNativeTarget "Lens" */ = {
			isa = XCConfigurationList;
			buildConfigurations = (
				215B0842203FFF3000802011 /* Debug */,
				215B0843203FFF3000802011 /* Release */,
			);
			defaultConfigurationIsVisible = 0;
			defaultConfigurationName = Release;
		};
/* End XCConfigurationList section */
	};
	rootObject = 215B0827203FFF3000802011 /* Project object */;
}
